// !$*UTF8*$!
{
	archiveVersion = 1;
	classes = {
	};
	objectVersion = 48;
	objects = {

/* Begin PBXBuildFile section */
		6C4D035A20D0F1860029AFAB /* AppDelegate.m in Sources */ = {isa = PBXBuildFile; fileRef = 6C4D035920D0F1860029AFAB /* AppDelegate.m */; };
		6C4D035D20D0F1860029AFAB /* ViewController.m in Sources */ = {isa = PBXBuildFile; fileRef = 6C4D035C20D0F1860029AFAB /* ViewController.m */; };
		6C4D036020D0F1860029AFAB /* Main.storyboard in Resources */ = {isa = PBXBuildFile; fileRef = 6C4D035E20D0F1860029AFAB /* Main.storyboard */; };
		6C4D036220D0F1860029AFAB /* Assets.xcassets in Resources */ = {isa = PBXBuildFile; fileRef = 6C4D036120D0F1860029AFAB /* Assets.xcassets */; };
		6C4D036520D0F1860029AFAB /* LaunchScreen.storyboard in Resources */ = {isa = PBXBuildFile; fileRef = 6C4D036320D0F1860029AFAB /* LaunchScreen.storyboard */; };
		6C4D036820D0F1860029AFAB /* main.m in Sources */ = {isa = PBXBuildFile; fileRef = 6C4D036720D0F1860029AFAB /* main.m */; };
		6C4D037220D0F1870029AFAB /* UMUtilTests.m in Sources */ = {isa = PBXBuildFile; fileRef = 6C4D037120D0F1870029AFAB /* UMUtilTests.m */; };
		6C4D037D20D0F1870029AFAB /* UMUtilUITests.m in Sources */ = {isa = PBXBuildFile; fileRef = 6C4D037C20D0F1870029AFAB /* UMUtilUITests.m */; };
		6C4D03B820D0F4920029AFAB /* libsqlite3.tbd in Frameworks */ = {isa = PBXBuildFile; fileRef = 6C4D03B720D0F4920029AFAB /* libsqlite3.tbd */; };
		6C4D03BA20D0F49B0029AFAB /* CoreGraphics.framework in Frameworks */ = {isa = PBXBuildFile; fileRef = 6C4D03B920D0F49B0029AFAB /* CoreGraphics.framework */; };
		6C4D03BC20D0F49F0029AFAB /* SystemConfiguration.framework in Frameworks */ = {isa = PBXBuildFile; fileRef = 6C4D03BB20D0F49F0029AFAB /* SystemConfiguration.framework */; };
		6C4D03BE20D0F4A50029AFAB /* CoreTelephony.framework in Frameworks */ = {isa = PBXBuildFile; fileRef = 6C4D03BD20D0F4A50029AFAB /* CoreTelephony.framework */; };
		6C4D03C020D0F4B20029AFAB /* libc++.tbd in Frameworks */ = {isa = PBXBuildFile; fileRef = 6C4D03BF20D0F4B20029AFAB /* libc++.tbd */; };
		6C4D03C220D0F4B70029AFAB /* libz.tbd in Frameworks */ = {isa = PBXBuildFile; fileRef = 6C4D03C120D0F4B70029AFAB /* libz.tbd */; };
		6C4D03C420D0F4BE0029AFAB /* ImageIO.framework in Frameworks */ = {isa = PBXBuildFile; fileRef = 6C4D03C320D0F4BE0029AFAB /* ImageIO.framework */; };
		6C4D03C620D0F4C80029AFAB /* Photos.framework in Frameworks */ = {isa = PBXBuildFile; fileRef = 6C4D03C520D0F4C80029AFAB /* Photos.framework */; };
		6C4D03E720D0F6950029AFAB /* UMCommon.framework in Frameworks */ = {isa = PBXBuildFile; fileRef = 6C4D03CB20D0F6950029AFAB /* UMCommon.framework */; };
		6C4D03E820D0F6950029AFAB /* libSocialQQ.a in Frameworks */ = {isa = PBXBuildFile; fileRef = 6C4D03D020D0F6950029AFAB /* libSocialQQ.a */; };
		6C4D03E920D0F6950029AFAB /* libSocialSina.a in Frameworks */ = {isa = PBXBuildFile; fileRef = 6C4D03D320D0F6950029AFAB /* libSocialSina.a */; };
		6C4D03EA20D0F6950029AFAB /* libSocialWeChat.a in Frameworks */ = {isa = PBXBuildFile; fileRef = 6C4D03D620D0F6950029AFAB /* libSocialWeChat.a */; };
		6C4D03EB20D0F6950029AFAB /* UMShare.framework in Frameworks */ = {isa = PBXBuildFile; fileRef = 6C4D03D820D0F6950029AFAB /* UMShare.framework */; };
		6C4D03EC20D0F6950029AFAB /* UMSocialSDKResources.bundle in Resources */ = {isa = PBXBuildFile; fileRef = 6C4D03DA20D0F6950029AFAB /* UMSocialSDKResources.bundle */; };
		6C4D03ED20D0F6950029AFAB /* UShareUI.framework in Frameworks */ = {isa = PBXBuildFile; fileRef = 6C4D03DB20D0F6950029AFAB /* UShareUI.framework */; };
		6C4D03EE20D0F6950029AFAB /* SecurityEnvSDK.framework in Frameworks */ = {isa = PBXBuildFile; fileRef = 6C4D03DE20D0F6950029AFAB /* SecurityEnvSDK.framework */; };
		6C4D03EF20D0F6950029AFAB /* UTDID.framework in Frameworks */ = {isa = PBXBuildFile; fileRef = 6C4D03DF20D0F6950029AFAB /* UTDID.framework */; };
		6C4D03F020D0F6950029AFAB /* UMCommonLog.bundle in Resources */ = {isa = PBXBuildFile; fileRef = 6C4D03E220D0F6950029AFAB /* UMCommonLog.bundle */; };
		6C4D03F120D0F6950029AFAB /* UMCommonLog.framework in Frameworks */ = {isa = PBXBuildFile; fileRef = 6C4D03E320D0F6950029AFAB /* UMCommonLog.framework */; };
		6C4D03F220D0F6950029AFAB /* UMUtil.m in Sources */ = {isa = PBXBuildFile; fileRef = 6C4D03E620D0F6950029AFAB /* UMUtil.m */; };
/* End PBXBuildFile section */

/* Begin PBXContainerItemProxy section */
		6C4D036E20D0F1870029AFAB /* PBXContainerItemProxy */ = {
			isa = PBXContainerItemProxy;
			containerPortal = 6C4D034D20D0F1860029AFAB /* Project object */;
			proxyType = 1;
			remoteGlobalIDString = 6C4D035420D0F1860029AFAB;
			remoteInfo = UMUtil;
		};
		6C4D037920D0F1870029AFAB /* PBXContainerItemProxy */ = {
			isa = PBXContainerItemProxy;
			containerPortal = 6C4D034D20D0F1860029AFAB /* Project object */;
			proxyType = 1;
			remoteGlobalIDString = 6C4D035420D0F1860029AFAB;
			remoteInfo = UMUtil;
		};
/* End PBXContainerItemProxy section */

/* Begin PBXFileReference section */
		6C4D035520D0F1860029AFAB /* UMUtil.app */ = {isa = PBXFileReference; explicitFileType = wrapper.application; includeInIndex = 0; path = UMUtil.app; sourceTree = BUILT_PRODUCTS_DIR; };
		6C4D035820D0F1860029AFAB /* AppDelegate.h */ = {isa = PBXFileReference; lastKnownFileType = sourcecode.c.h; path = AppDelegate.h; sourceTree = "<group>"; };
		6C4D035920D0F1860029AFAB /* AppDelegate.m */ = {isa = PBXFileReference; lastKnownFileType = sourcecode.c.objc; path = AppDelegate.m; sourceTree = "<group>"; };
		6C4D035B20D0F1860029AFAB /* ViewController.h */ = {isa = PBXFileReference; lastKnownFileType = sourcecode.c.h; path = ViewController.h; sourceTree = "<group>"; };
		6C4D035C20D0F1860029AFAB /* ViewController.m */ = {isa = PBXFileReference; lastKnownFileType = sourcecode.c.objc; path = ViewController.m; sourceTree = "<group>"; };
		6C4D035F20D0F1860029AFAB /* Base */ = {isa = PBXFileReference; lastKnownFileType = file.storyboard; name = Base; path = Base.lproj/Main.storyboard; sourceTree = "<group>"; };
		6C4D036120D0F1860029AFAB /* Assets.xcassets */ = {isa = PBXFileReference; lastKnownFileType = folder.assetcatalog; path = Assets.xcassets; sourceTree = "<group>"; };
		6C4D036420D0F1860029AFAB /* Base */ = {isa = PBXFileReference; lastKnownFileType = file.storyboard; name = Base; path = Base.lproj/LaunchScreen.storyboard; sourceTree = "<group>"; };
		6C4D036620D0F1860029AFAB /* Info.plist */ = {isa = PBXFileReference; lastKnownFileType = text.plist.xml; path = Info.plist; sourceTree = "<group>"; };
		6C4D036720D0F1860029AFAB /* main.m */ = {isa = PBXFileReference; lastKnownFileType = sourcecode.c.objc; path = main.m; sourceTree = "<group>"; };
		6C4D036D20D0F1870029AFAB /* UMUtilTests.xctest */ = {isa = PBXFileReference; explicitFileType = wrapper.cfbundle; includeInIndex = 0; path = UMUtilTests.xctest; sourceTree = BUILT_PRODUCTS_DIR; };
		6C4D037120D0F1870029AFAB /* UMUtilTests.m */ = {isa = PBXFileReference; lastKnownFileType = sourcecode.c.objc; path = UMUtilTests.m; sourceTree = "<group>"; };
		6C4D037320D0F1870029AFAB /* Info.plist */ = {isa = PBXFileReference; lastKnownFileType = text.plist.xml; path = Info.plist; sourceTree = "<group>"; };
		6C4D037820D0F1870029AFAB /* UMUtilUITests.xctest */ = {isa = PBXFileReference; explicitFileType = wrapper.cfbundle; includeInIndex = 0; path = UMUtilUITests.xctest; sourceTree = BUILT_PRODUCTS_DIR; };
		6C4D037C20D0F1870029AFAB /* UMUtilUITests.m */ = {isa = PBXFileReference; lastKnownFileType = sourcecode.c.objc; path = UMUtilUITests.m; sourceTree = "<group>"; };
		6C4D037E20D0F1870029AFAB /* Info.plist */ = {isa = PBXFileReference; lastKnownFileType = text.plist.xml; path = Info.plist; sourceTree = "<group>"; };
		6C4D03B720D0F4920029AFAB /* libsqlite3.tbd */ = {isa = PBXFileReference; lastKnownFileType = "sourcecode.text-based-dylib-definition"; name = libsqlite3.tbd; path = usr/lib/libsqlite3.tbd; sourceTree = SDKROOT; };
		6C4D03B920D0F49B0029AFAB /* CoreGraphics.framework */ = {isa = PBXFileReference; lastKnownFileType = wrapper.framework; name = CoreGraphics.framework; path = System/Library/Frameworks/CoreGraphics.framework; sourceTree = SDKROOT; };
		6C4D03BB20D0F49F0029AFAB /* SystemConfiguration.framework */ = {isa = PBXFileReference; lastKnownFileType = wrapper.framework; name = SystemConfiguration.framework; path = System/Library/Frameworks/SystemConfiguration.framework; sourceTree = SDKROOT; };
		6C4D03BD20D0F4A50029AFAB /* CoreTelephony.framework */ = {isa = PBXFileReference; lastKnownFileType = wrapper.framework; name = CoreTelephony.framework; path = System/Library/Frameworks/CoreTelephony.framework; sourceTree = SDKROOT; };
		6C4D03BF20D0F4B20029AFAB /* libc++.tbd */ = {isa = PBXFileReference; lastKnownFileType = "sourcecode.text-based-dylib-definition"; name = "libc++.tbd"; path = "usr/lib/libc++.tbd"; sourceTree = SDKROOT; };
		6C4D03C120D0F4B70029AFAB /* libz.tbd */ = {isa = PBXFileReference; lastKnownFileType = "sourcecode.text-based-dylib-definition"; name = libz.tbd; path = usr/lib/libz.tbd; sourceTree = SDKROOT; };
		6C4D03C320D0F4BE0029AFAB /* ImageIO.framework */ = {isa = PBXFileReference; lastKnownFileType = wrapper.framework; name = ImageIO.framework; path = System/Library/Frameworks/ImageIO.framework; sourceTree = SDKROOT; };
		6C4D03C520D0F4C80029AFAB /* Photos.framework */ = {isa = PBXFileReference; lastKnownFileType = wrapper.framework; name = Photos.framework; path = System/Library/Frameworks/Photos.framework; sourceTree = SDKROOT; };
		6C4D03CB20D0F6950029AFAB /* UMCommon.framework */ = {isa = PBXFileReference; lastKnownFileType = wrapper.framework; path = UMCommon.framework; sourceTree = "<group>"; };
		6C4D03D020D0F6950029AFAB /* libSocialQQ.a */ = {isa = PBXFileReference; lastKnownFileType = archive.ar; path = libSocialQQ.a; sourceTree = "<group>"; };
		6C4D03D120D0F6950029AFAB /* UMSocialQQHandler.h */ = {isa = PBXFileReference; fileEncoding = 4; lastKnownFileType = sourcecode.c.h; path = UMSocialQQHandler.h; sourceTree = "<group>"; };
		6C4D03D320D0F6950029AFAB /* libSocialSina.a */ = {isa = PBXFileReference; lastKnownFileType = archive.ar; path = libSocialSina.a; sourceTree = "<group>"; };
		6C4D03D420D0F6950029AFAB /* UMSocialSinaHandler.h */ = {isa = PBXFileReference; fileEncoding = 4; lastKnownFileType = sourcecode.c.h; path = UMSocialSinaHandler.h; sourceTree = "<group>"; };
		6C4D03D620D0F6950029AFAB /* libSocialWeChat.a */ = {isa = PBXFileReference; lastKnownFileType = archive.ar; path = libSocialWeChat.a; sourceTree = "<group>"; };
		6C4D03D720D0F6950029AFAB /* UMSocialWechatHandler.h */ = {isa = PBXFileReference; fileEncoding = 4; lastKnownFileType = sourcecode.c.h; path = UMSocialWechatHandler.h; sourceTree = "<group>"; };
		6C4D03D820D0F6950029AFAB /* UMShare.framework */ = {isa = PBXFileReference; lastKnownFileType = wrapper.framework; path = UMShare.framework; sourceTree = "<group>"; };
		6C4D03DA20D0F6950029AFAB /* UMSocialSDKResources.bundle */ = {isa = PBXFileReference; lastKnownFileType = "wrapper.plug-in"; path = UMSocialSDKResources.bundle; sourceTree = "<group>"; };
		6C4D03DB20D0F6950029AFAB /* UShareUI.framework */ = {isa = PBXFileReference; lastKnownFileType = wrapper.framework; path = UShareUI.framework; sourceTree = "<group>"; };
		6C4D03DE20D0F6950029AFAB /* SecurityEnvSDK.framework */ = {isa = PBXFileReference; lastKnownFileType = wrapper.framework; path = SecurityEnvSDK.framework; sourceTree = "<group>"; };
		6C4D03DF20D0F6950029AFAB /* UTDID.framework */ = {isa = PBXFileReference; lastKnownFileType = wrapper.framework; path = UTDID.framework; sourceTree = "<group>"; };
		6C4D03E220D0F6950029AFAB /* UMCommonLog.bundle */ = {isa = PBXFileReference; lastKnownFileType = "wrapper.plug-in"; path = UMCommonLog.bundle; sourceTree = "<group>"; };
		6C4D03E320D0F6950029AFAB /* UMCommonLog.framework */ = {isa = PBXFileReference; lastKnownFileType = wrapper.framework; path = UMCommonLog.framework; sourceTree = "<group>"; };
		6C4D03E520D0F6950029AFAB /* UMUtil.h */ = {isa = PBXFileReference; fileEncoding = 4; lastKnownFileType = sourcecode.c.h; path = UMUtil.h; sourceTree = "<group>"; };
		6C4D03E620D0F6950029AFAB /* UMUtil.m */ = {isa = PBXFileReference; fileEncoding = 4; lastKnownFileType = sourcecode.c.objc; path = UMUtil.m; sourceTree = "<group>"; };
/* End PBXFileReference section */

/* Begin PBXFrameworksBuildPhase section */
		6C4D035220D0F1860029AFAB /* Frameworks */ = {
			isa = PBXFrameworksBuildPhase;
			buildActionMask = 2147483647;
			files = (
				6C4D03E820D0F6950029AFAB /* libSocialQQ.a in Frameworks */,
				6C4D03C620D0F4C80029AFAB /* Photos.framework in Frameworks */,
				6C4D03C420D0F4BE0029AFAB /* ImageIO.framework in Frameworks */,
				6C4D03C220D0F4B70029AFAB /* libz.tbd in Frameworks */,
				6C4D03EB20D0F6950029AFAB /* UMShare.framework in Frameworks */,
				6C4D03EF20D0F6950029AFAB /* UTDID.framework in Frameworks */,
				6C4D03E720D0F6950029AFAB /* UMCommon.framework in Frameworks */,
				6C4D03C020D0F4B20029AFAB /* libc++.tbd in Frameworks */,
				6C4D03BE20D0F4A50029AFAB /* CoreTelephony.framework in Frameworks */,
				6C4D03E920D0F6950029AFAB /* libSocialSina.a in Frameworks */,
				6C4D03BC20D0F49F0029AFAB /* SystemConfiguration.framework in Frameworks */,
				6C4D03F120D0F6950029AFAB /* UMCommonLog.framework in Frameworks */,
				6C4D03ED20D0F6950029AFAB /* UShareUI.framework in Frameworks */,
				6C4D03EE20D0F6950029AFAB /* SecurityEnvSDK.framework in Frameworks */,
				6C4D03BA20D0F49B0029AFAB /* CoreGraphics.framework in Frameworks */,
				6C4D03EA20D0F6950029AFAB /* libSocialWeChat.a in Frameworks */,
				6C4D03B820D0F4920029AFAB /* libsqlite3.tbd in Frameworks */,
			);
			runOnlyForDeploymentPostprocessing = 0;
		};
		6C4D036A20D0F1870029AFAB /* Frameworks */ = {
			isa = PBXFrameworksBuildPhase;
			buildActionMask = 2147483647;
			files = (
			);
			runOnlyForDeploymentPostprocessing = 0;
		};
		6C4D037520D0F1870029AFAB /* Frameworks */ = {
			isa = PBXFrameworksBuildPhase;
			buildActionMask = 2147483647;
			files = (
			);
			runOnlyForDeploymentPostprocessing = 0;
		};
/* End PBXFrameworksBuildPhase section */

/* Begin PBXGroup section */
		6C4D034C20D0F1860029AFAB = {
			isa = PBXGroup;
			children = (
				6C4D035720D0F1860029AFAB /* UMUtil */,
				6C4D037020D0F1870029AFAB /* UMUtilTests */,
				6C4D037B20D0F1870029AFAB /* UMUtilUITests */,
				6C4D035620D0F1860029AFAB /* Products */,
				6C4D03B620D0F4920029AFAB /* Frameworks */,
			);
			sourceTree = "<group>";
		};
		6C4D035620D0F1860029AFAB /* Products */ = {
			isa = PBXGroup;
			children = (
				6C4D035520D0F1860029AFAB /* UMUtil.app */,
				6C4D036D20D0F1870029AFAB /* UMUtilTests.xctest */,
				6C4D037820D0F1870029AFAB /* UMUtilUITests.xctest */,
			);
			name = Products;
			sourceTree = "<group>";
		};
		6C4D035720D0F1860029AFAB /* UMUtil */ = {
			isa = PBXGroup;
			children = (
				6C4D03C720D0F6950029AFAB /* Code */,
				6C4D035820D0F1860029AFAB /* AppDelegate.h */,
				6C4D035920D0F1860029AFAB /* AppDelegate.m */,
				6C4D035B20D0F1860029AFAB /* ViewController.h */,
				6C4D035C20D0F1860029AFAB /* ViewController.m */,
				6C4D035E20D0F1860029AFAB /* Main.storyboard */,
				6C4D036120D0F1860029AFAB /* Assets.xcassets */,
				6C4D036320D0F1860029AFAB /* LaunchScreen.storyboard */,
				6C4D036620D0F1860029AFAB /* Info.plist */,
				6C4D036720D0F1860029AFAB /* main.m */,
			);
			path = UMUtil;
			sourceTree = "<group>";
		};
		6C4D037020D0F1870029AFAB /* UMUtilTests */ = {
			isa = PBXGroup;
			children = (
				6C4D037120D0F1870029AFAB /* UMUtilTests.m */,
				6C4D037320D0F1870029AFAB /* Info.plist */,
			);
			path = UMUtilTests;
			sourceTree = "<group>";
		};
		6C4D037B20D0F1870029AFAB /* UMUtilUITests */ = {
			isa = PBXGroup;
			children = (
				6C4D037C20D0F1870029AFAB /* UMUtilUITests.m */,
				6C4D037E20D0F1870029AFAB /* Info.plist */,
			);
			path = UMUtilUITests;
			sourceTree = "<group>";
		};
		6C4D03B620D0F4920029AFAB /* Frameworks */ = {
			isa = PBXGroup;
			children = (
				6C4D03C520D0F4C80029AFAB /* Photos.framework */,
				6C4D03C320D0F4BE0029AFAB /* ImageIO.framework */,
				6C4D03C120D0F4B70029AFAB /* libz.tbd */,
				6C4D03BF20D0F4B20029AFAB /* libc++.tbd */,
				6C4D03BD20D0F4A50029AFAB /* CoreTelephony.framework */,
				6C4D03BB20D0F49F0029AFAB /* SystemConfiguration.framework */,
				6C4D03B920D0F49B0029AFAB /* CoreGraphics.framework */,
				6C4D03B720D0F4920029AFAB /* libsqlite3.tbd */,
			);
			name = Frameworks;
			sourceTree = "<group>";
		};
		6C4D03C720D0F6950029AFAB /* Code */ = {
			isa = PBXGroup;
			children = (
				6C4D03C820D0F6950029AFAB /* common */,
				6C4D03CC20D0F6950029AFAB /* share */,
				6C4D03DC20D0F6950029AFAB /* thirdparties */,
				6C4D03E020D0F6950029AFAB /* umcommonlog */,
				6C4D03E420D0F6950029AFAB /* Util */,
			);
			path = Code;
			sourceTree = SOURCE_ROOT;
		};
		6C4D03C820D0F6950029AFAB /* common */ = {
			isa = PBXGroup;
			children = (
				6C4D03C920D0F6950029AFAB /* common_ios_1.5.0 */,
			);
			path = common;
			sourceTree = "<group>";
		};
		6C4D03C920D0F6950029AFAB /* common_ios_1.5.0 */ = {
			isa = PBXGroup;
			children = (
				6C4D03CA20D0F6950029AFAB /* normal */,
			);
			path = common_ios_1.5.0;
			sourceTree = "<group>";
		};
		6C4D03CA20D0F6950029AFAB /* normal */ = {
			isa = PBXGroup;
			children = (
				6C4D03CB20D0F6950029AFAB /* UMCommon.framework */,
			);
			path = normal;
			sourceTree = "<group>";
		};
		6C4D03CC20D0F6950029AFAB /* share */ = {
			isa = PBXGroup;
			children = (
				6C4D03CD20D0F6950029AFAB /* share_ios_6.9.2 */,
			);
			path = share;
			sourceTree = "<group>";
		};
		6C4D03CD20D0F6950029AFAB /* share_ios_6.9.2 */ = {
			isa = PBXGroup;
			children = (
				6C4D03CE20D0F6950029AFAB /* SocialLibraries */,
				6C4D03D820D0F6950029AFAB /* UMShare.framework */,
				6C4D03D920D0F6950029AFAB /* UMSocialUI */,
			);
			path = share_ios_6.9.2;
			sourceTree = "<group>";
		};
		6C4D03CE20D0F6950029AFAB /* SocialLibraries */ = {
			isa = PBXGroup;
			children = (
				6C4D03CF20D0F6950029AFAB /* QQ */,
				6C4D03D220D0F6950029AFAB /* Sina */,
				6C4D03D520D0F6950029AFAB /* WeChat */,
			);
			path = SocialLibraries;
			sourceTree = "<group>";
		};
		6C4D03CF20D0F6950029AFAB /* QQ */ = {
			isa = PBXGroup;
			children = (
				6C4D03D020D0F6950029AFAB /* libSocialQQ.a */,
				6C4D03D120D0F6950029AFAB /* UMSocialQQHandler.h */,
			);
			path = QQ;
			sourceTree = "<group>";
		};
		6C4D03D220D0F6950029AFAB /* Sina */ = {
			isa = PBXGroup;
			children = (
				6C4D03D320D0F6950029AFAB /* libSocialSina.a */,
				6C4D03D420D0F6950029AFAB /* UMSocialSinaHandler.h */,
			);
			path = Sina;
			sourceTree = "<group>";
		};
		6C4D03D520D0F6950029AFAB /* WeChat */ = {
			isa = PBXGroup;
			children = (
				6C4D03D620D0F6950029AFAB /* libSocialWeChat.a */,
				6C4D03D720D0F6950029AFAB /* UMSocialWechatHandler.h */,
			);
			path = WeChat;
			sourceTree = "<group>";
		};
		6C4D03D920D0F6950029AFAB /* UMSocialUI */ = {
			isa = PBXGroup;
			children = (
				6C4D03DA20D0F6950029AFAB /* UMSocialSDKResources.bundle */,
				6C4D03DB20D0F6950029AFAB /* UShareUI.framework */,
			);
			path = UMSocialUI;
			sourceTree = "<group>";
		};
		6C4D03DC20D0F6950029AFAB /* thirdparties */ = {
			isa = PBXGroup;
			children = (
				6C4D03DD20D0F6950029AFAB /* thirdparties_ios_1.0.5 */,
			);
			path = thirdparties;
			sourceTree = "<group>";
		};
		6C4D03DD20D0F6950029AFAB /* thirdparties_ios_1.0.5 */ = {
			isa = PBXGroup;
			children = (
				6C4D03DE20D0F6950029AFAB /* SecurityEnvSDK.framework */,
				6C4D03DF20D0F6950029AFAB /* UTDID.framework */,
			);
			path = thirdparties_ios_1.0.5;
			sourceTree = "<group>";
		};
		6C4D03E020D0F6950029AFAB /* umcommonlog */ = {
			isa = PBXGroup;
			children = (
				6C4D03E120D0F6950029AFAB /* umcommonlog_ios_1.0.0 */,
			);
			path = umcommonlog;
			sourceTree = "<group>";
		};
		6C4D03E120D0F6950029AFAB /* umcommonlog_ios_1.0.0 */ = {
			isa = PBXGroup;
			children = (
				6C4D03E220D0F6950029AFAB /* UMCommonLog.bundle */,
				6C4D03E320D0F6950029AFAB /* UMCommonLog.framework */,
			);
			path = umcommonlog_ios_1.0.0;
			sourceTree = "<group>";
		};
		6C4D03E420D0F6950029AFAB /* Util */ = {
			isa = PBXGroup;
			children = (
				6C4D03E520D0F6950029AFAB /* UMUtil.h */,
				6C4D03E620D0F6950029AFAB /* UMUtil.m */,
			);
			path = Util;
			sourceTree = "<group>";
		};
/* End PBXGroup section */

/* Begin PBXNativeTarget section */
		6C4D035420D0F1860029AFAB /* UMUtil */ = {
			isa = PBXNativeTarget;
			buildConfigurationList = 6C4D038120D0F1870029AFAB /* Build configuration list for PBXNativeTarget "UMUtil" */;
			buildPhases = (
				6C4D035120D0F1860029AFAB /* Sources */,
				6C4D035220D0F1860029AFAB /* Frameworks */,
				6C4D035320D0F1860029AFAB /* Resources */,
			);
			buildRules = (
			);
			dependencies = (
			);
			name = UMUtil;
			productName = UMUtil;
			productReference = 6C4D035520D0F1860029AFAB /* UMUtil.app */;
			productType = "com.apple.product-type.application";
		};
		6C4D036C20D0F1870029AFAB /* UMUtilTests */ = {
			isa = PBXNativeTarget;
			buildConfigurationList = 6C4D038420D0F1870029AFAB /* Build configuration list for PBXNativeTarget "UMUtilTests" */;
			buildPhases = (
				6C4D036920D0F1870029AFAB /* Sources */,
				6C4D036A20D0F1870029AFAB /* Frameworks */,
				6C4D036B20D0F1870029AFAB /* Resources */,
			);
			buildRules = (
			);
			dependencies = (
				6C4D036F20D0F1870029AFAB /* PBXTargetDependency */,
			);
			name = UMUtilTests;
			productName = UMUtilTests;
			productReference = 6C4D036D20D0F1870029AFAB /* UMUtilTests.xctest */;
			productType = "com.apple.product-type.bundle.unit-test";
		};
		6C4D037720D0F1870029AFAB /* UMUtilUITests */ = {
			isa = PBXNativeTarget;
			buildConfigurationList = 6C4D038720D0F1870029AFAB /* Build configuration list for PBXNativeTarget "UMUtilUITests" */;
			buildPhases = (
				6C4D037420D0F1870029AFAB /* Sources */,
				6C4D037520D0F1870029AFAB /* Frameworks */,
				6C4D037620D0F1870029AFAB /* Resources */,
			);
			buildRules = (
			);
			dependencies = (
				6C4D037A20D0F1870029AFAB /* PBXTargetDependency */,
			);
			name = UMUtilUITests;
			productName = UMUtilUITests;
			productReference = 6C4D037820D0F1870029AFAB /* UMUtilUITests.xctest */;
			productType = "com.apple.product-type.bundle.ui-testing";
		};
/* End PBXNativeTarget section */

/* Begin PBXProject section */
		6C4D034D20D0F1860029AFAB /* Project object */ = {
			isa = PBXProject;
			attributes = {
				LastUpgradeCheck = 0920;
				ORGANIZATIONNAME = "three stone 王";
				TargetAttributes = {
					6C4D035420D0F1860029AFAB = {
						CreatedOnToolsVersion = 9.2;
						ProvisioningStyle = Automatic;
					};
					6C4D036C20D0F1870029AFAB = {
						CreatedOnToolsVersion = 9.2;
						ProvisioningStyle = Automatic;
						TestTargetID = 6C4D035420D0F1860029AFAB;
					};
					6C4D037720D0F1870029AFAB = {
						CreatedOnToolsVersion = 9.2;
						ProvisioningStyle = Automatic;
						TestTargetID = 6C4D035420D0F1860029AFAB;
					};
				};
			};
			buildConfigurationList = 6C4D035020D0F1860029AFAB /* Build configuration list for PBXProject "UMUtil" */;
			compatibilityVersion = "Xcode 8.0";
			developmentRegion = en;
			hasScannedForEncodings = 0;
			knownRegions = (
				en,
				Base,
			);
			mainGroup = 6C4D034C20D0F1860029AFAB;
			productRefGroup = 6C4D035620D0F1860029AFAB /* Products */;
			projectDirPath = "";
			projectRoot = "";
			targets = (
				6C4D035420D0F1860029AFAB /* UMUtil */,
				6C4D036C20D0F1870029AFAB /* UMUtilTests */,
				6C4D037720D0F1870029AFAB /* UMUtilUITests */,
			);
		};
/* End PBXProject section */

/* Begin PBXResourcesBuildPhase section */
		6C4D035320D0F1860029AFAB /* Resources */ = {
			isa = PBXResourcesBuildPhase;
			buildActionMask = 2147483647;
			files = (
				6C4D036520D0F1860029AFAB /* LaunchScreen.storyboard in Resources */,
				6C4D03EC20D0F6950029AFAB /* UMSocialSDKResources.bundle in Resources */,
				6C4D036220D0F1860029AFAB /* Assets.xcassets in Resources */,
				6C4D036020D0F1860029AFAB /* Main.storyboard in Resources */,
				6C4D03F020D0F6950029AFAB /* UMCommonLog.bundle in Resources */,
			);
			runOnlyForDeploymentPostprocessing = 0;
		};
		6C4D036B20D0F1870029AFAB /* Resources */ = {
			isa = PBXResourcesBuildPhase;
			buildActionMask = 2147483647;
			files = (
			);
			runOnlyForDeploymentPostprocessing = 0;
		};
		6C4D037620D0F1870029AFAB /* Resources */ = {
			isa = PBXResourcesBuildPhase;
			buildActionMask = 2147483647;
			files = (
			);
			runOnlyForDeploymentPostprocessing = 0;
		};
/* End PBXResourcesBuildPhase section */

/* Begin PBXSourcesBuildPhase section */
		6C4D035120D0F1860029AFAB /* Sources */ = {
			isa = PBXSourcesBuildPhase;
			buildActionMask = 2147483647;
			files = (
				6C4D035D20D0F1860029AFAB /* ViewController.m in Sources */,
				6C4D036820D0F1860029AFAB /* main.m in Sources */,
				6C4D035A20D0F1860029AFAB /* AppDelegate.m in Sources */,
				6C4D03F220D0F6950029AFAB /* UMUtil.m in Sources */,
			);
			runOnlyForDeploymentPostprocessing = 0;
		};
		6C4D036920D0F1870029AFAB /* Sources */ = {
			isa = PBXSourcesBuildPhase;
			buildActionMask = 2147483647;
			files = (
				6C4D037220D0F1870029AFAB /* UMUtilTests.m in Sources */,
			);
			runOnlyForDeploymentPostprocessing = 0;
		};
		6C4D037420D0F1870029AFAB /* Sources */ = {
			isa = PBXSourcesBuildPhase;
			buildActionMask = 2147483647;
			files = (
				6C4D037D20D0F1870029AFAB /* UMUtilUITests.m in Sources */,
			);
			runOnlyForDeploymentPostprocessing = 0;
		};
/* End PBXSourcesBuildPhase section */

/* Begin PBXTargetDependency section */
		6C4D036F20D0F1870029AFAB /* PBXTargetDependency */ = {
			isa = PBXTargetDependency;
			target = 6C4D035420D0F1860029AFAB /* UMUtil */;
			targetProxy = 6C4D036E20D0F1870029AFAB /* PBXContainerItemProxy */;
		};
		6C4D037A20D0F1870029AFAB /* PBXTargetDependency */ = {
			isa = PBXTargetDependency;
			target = 6C4D035420D0F1860029AFAB /* UMUtil */;
			targetProxy = 6C4D037920D0F1870029AFAB /* PBXContainerItemProxy */;
		};
/* End PBXTargetDependency section */

/* Begin PBXVariantGroup section */
		6C4D035E20D0F1860029AFAB /* Main.storyboard */ = {
			isa = PBXVariantGroup;
			children = (
				6C4D035F20D0F1860029AFAB /* Base */,
			);
			name = Main.storyboard;
			sourceTree = "<group>";
		};
		6C4D036320D0F1860029AFAB /* LaunchScreen.storyboard */ = {
			isa = PBXVariantGroup;
			children = (
				6C4D036420D0F1860029AFAB /* Base */,
			);
			name = LaunchScreen.storyboard;
			sourceTree = "<group>";
		};
/* End PBXVariantGroup section */

/* Begin XCBuildConfiguration section */
		6C4D037F20D0F1870029AFAB /* Debug */ = {
			isa = XCBuildConfiguration;
			buildSettings = {
				ALWAYS_SEARCH_USER_PATHS = NO;
				CLANG_ANALYZER_NONNULL = YES;
				CLANG_ANALYZER_NUMBER_OBJECT_CONVERSION = YES_AGGRESSIVE;
				CLANG_CXX_LANGUAGE_STANDARD = "gnu++14";
				CLANG_CXX_LIBRARY = "libc++";
				CLANG_ENABLE_MODULES = YES;
				CLANG_ENABLE_OBJC_ARC = YES;
				CLANG_WARN_BLOCK_CAPTURE_AUTORELEASING = YES;
				CLANG_WARN_BOOL_CONVERSION = YES;
				CLANG_WARN_COMMA = YES;
				CLANG_WARN_CONSTANT_CONVERSION = YES;
				CLANG_WARN_DIRECT_OBJC_ISA_USAGE = YES_ERROR;
				CLANG_WARN_DOCUMENTATION_COMMENTS = YES;
				CLANG_WARN_EMPTY_BODY = YES;
				CLANG_WARN_ENUM_CONVERSION = YES;
				CLANG_WARN_INFINITE_RECURSION = YES;
				CLANG_WARN_INT_CONVERSION = YES;
				CLANG_WARN_NON_LITERAL_NULL_CONVERSION = YES;
				CLANG_WARN_OBJC_LITERAL_CONVERSION = YES;
				CLANG_WARN_OBJC_ROOT_CLASS = YES_ERROR;
				CLANG_WARN_RANGE_LOOP_ANALYSIS = YES;
				CLANG_WARN_STRICT_PROTOTYPES = YES;
				CLANG_WARN_SUSPICIOUS_MOVE = YES;
				CLANG_WARN_UNGUARDED_AVAILABILITY = YES_AGGRESSIVE;
				CLANG_WARN_UNREACHABLE_CODE = YES;
				CLANG_WARN__DUPLICATE_METHOD_MATCH = YES;
				CODE_SIGN_IDENTITY = "iPhone Developer";
				COPY_PHASE_STRIP = NO;
				DEBUG_INFORMATION_FORMAT = dwarf;
				ENABLE_STRICT_OBJC_MSGSEND = YES;
				ENABLE_TESTABILITY = YES;
				GCC_C_LANGUAGE_STANDARD = gnu11;
				GCC_DYNAMIC_NO_PIC = NO;
				GCC_NO_COMMON_BLOCKS = YES;
				GCC_OPTIMIZATION_LEVEL = 0;
				GCC_PREPROCESSOR_DEFINITIONS = (
					"DEBUG=1",
					"$(inherited)",
				);
				GCC_WARN_64_TO_32_BIT_CONVERSION = YES;
				GCC_WARN_ABOUT_RETURN_TYPE = YES_ERROR;
				GCC_WARN_UNDECLARED_SELECTOR = YES;
				GCC_WARN_UNINITIALIZED_AUTOS = YES_AGGRESSIVE;
				GCC_WARN_UNUSED_FUNCTION = YES;
				GCC_WARN_UNUSED_VARIABLE = YES;
				IPHONEOS_DEPLOYMENT_TARGET = 11.2;
				MTL_ENABLE_DEBUG_INFO = YES;
				ONLY_ACTIVE_ARCH = YES;
				SDKROOT = iphoneos;
			};
			name = Debug;
		};
		6C4D038020D0F1870029AFAB /* Release */ = {
			isa = XCBuildConfiguration;
			buildSettings = {
				ALWAYS_SEARCH_USER_PATHS = NO;
				CLANG_ANALYZER_NONNULL = YES;
				CLANG_ANALYZER_NUMBER_OBJECT_CONVERSION = YES_AGGRESSIVE;
				CLANG_CXX_LANGUAGE_STANDARD = "gnu++14";
				CLANG_CXX_LIBRARY = "libc++";
				CLANG_ENABLE_MODULES = YES;
				CLANG_ENABLE_OBJC_ARC = YES;
				CLANG_WARN_BLOCK_CAPTURE_AUTORELEASING = YES;
				CLANG_WARN_BOOL_CONVERSION = YES;
				CLANG_WARN_COMMA = YES;
				CLANG_WARN_CONSTANT_CONVERSION = YES;
				CLANG_WARN_DIRECT_OBJC_ISA_USAGE = YES_ERROR;
				CLANG_WARN_DOCUMENTATION_COMMENTS = YES;
				CLANG_WARN_EMPTY_BODY = YES;
				CLANG_WARN_ENUM_CONVERSION = YES;
				CLANG_WARN_INFINITE_RECURSION = YES;
				CLANG_WARN_INT_CONVERSION = YES;
				CLANG_WARN_NON_LITERAL_NULL_CONVERSION = YES;
				CLANG_WARN_OBJC_LITERAL_CONVERSION = YES;
				CLANG_WARN_OBJC_ROOT_CLASS = YES_ERROR;
				CLANG_WARN_RANGE_LOOP_ANALYSIS = YES;
				CLANG_WARN_STRICT_PROTOTYPES = YES;
				CLANG_WARN_SUSPICIOUS_MOVE = YES;
				CLANG_WARN_UNGUARDED_AVAILABILITY = YES_AGGRESSIVE;
				CLANG_WARN_UNREACHABLE_CODE = YES;
				CLANG_WARN__DUPLICATE_METHOD_MATCH = YES;
				CODE_SIGN_IDENTITY = "iPhone Developer";
				COPY_PHASE_STRIP = NO;
				DEBUG_INFORMATION_FORMAT = "dwarf-with-dsym";
				ENABLE_NS_ASSERTIONS = NO;
				ENABLE_STRICT_OBJC_MSGSEND = YES;
				GCC_C_LANGUAGE_STANDARD = gnu11;
				GCC_NO_COMMON_BLOCKS = YES;
				GCC_WARN_64_TO_32_BIT_CONVERSION = YES;
				GCC_WARN_ABOUT_RETURN_TYPE = YES_ERROR;
				GCC_WARN_UNDECLARED_SELECTOR = YES;
				GCC_WARN_UNINITIALIZED_AUTOS = YES_AGGRESSIVE;
				GCC_WARN_UNUSED_FUNCTION = YES;
				GCC_WARN_UNUSED_VARIABLE = YES;
				IPHONEOS_DEPLOYMENT_TARGET = 11.2;
				MTL_ENABLE_DEBUG_INFO = NO;
				SDKROOT = iphoneos;
				VALIDATE_PRODUCT = YES;
			};
			name = Release;
		};
		6C4D038220D0F1870029AFAB /* Debug */ = {
			isa = XCBuildConfiguration;
			buildSettings = {
				ALWAYS_SEARCH_USER_PATHS = YES;
				ASSETCATALOG_COMPILER_APPICON_NAME = AppIcon;
				CODE_SIGN_STYLE = Automatic;
				DEVELOPMENT_TEAM = G9TR9D33ZW;
				FRAMEWORK_SEARCH_PATHS = (
					"$(PROJECT_DIR)/Code/common/common_ios_1.5.0/normal",
					"$(PROJECT_DIR)/Code/share/share_ios_6.9.2",
					"$(PROJECT_DIR)/Code/share/share_ios_6.9.2/UMSocialUI",
					"$(PROJECT_DIR)/Code/thirdparties/thirdparties_ios_1.0.5",
					"$(PROJECT_DIR)/Code/umcommonlog/umcommonlog_ios_1.0.0",
				);
				INFOPLIST_FILE = UMUtil/Info.plist;
				IPHONEOS_DEPLOYMENT_TARGET = 9.0;
				LD_RUNPATH_SEARCH_PATHS = "$(inherited) @executable_path/Frameworks";
				LIBRARY_SEARCH_PATHS = (
					"$(inherited)",
					"$(PROJECT_DIR)/Code/share/share_ios_6.9.2/SocialLibraries/QQ",
					"$(PROJECT_DIR)/Code/share/share_ios_6.9.2/SocialLibraries/Sina",
					"$(PROJECT_DIR)/Code/share/share_ios_6.9.2/SocialLibraries/WeChat",
				);
				OTHER_LDFLAGS = "-ObjC";
				PRODUCT_BUNDLE_IDENTIFIER = com.harpbj.UMUtil;
				PRODUCT_NAME = "$(TARGET_NAME)";
				TARGETED_DEVICE_FAMILY = "1,2";
			};
			name = Debug;
		};
		6C4D038320D0F1870029AFAB /* Release */ = {
			isa = XCBuildConfiguration;
			buildSettings = {
				ALWAYS_SEARCH_USER_PATHS = YES;
				ASSETCATALOG_COMPILER_APPICON_NAME = AppIcon;
				CODE_SIGN_STYLE = Automatic;
				DEVELOPMENT_TEAM = G9TR9D33ZW;
				FRAMEWORK_SEARCH_PATHS = (
					"$(PROJECT_DIR)/Code/common/common_ios_1.5.0/normal",
					"$(PROJECT_DIR)/Code/share/share_ios_6.9.2",
					"$(PROJECT_DIR)/Code/share/share_ios_6.9.2/UMSocialUI",
					"$(PROJECT_DIR)/Code/thirdparties/thirdparties_ios_1.0.5",
					"$(PROJECT_DIR)/Code/umcommonlog/umcommonlog_ios_1.0.0",
				);
				INFOPLIST_FILE = UMUtil/Info.plist;
				IPHONEOS_DEPLOYMENT_TARGET = 9.0;
				LD_RUNPATH_SEARCH_PATHS = "$(inherited) @executable_path/Frameworks";
				LIBRARY_SEARCH_PATHS = (
					"$(inherited)",
					"$(PROJECT_DIR)/Code/share/share_ios_6.9.2/SocialLibraries/QQ",
					"$(PROJECT_DIR)/Code/share/share_ios_6.9.2/SocialLibraries/Sina",
					"$(PROJECT_DIR)/Code/share/share_ios_6.9.2/SocialLibraries/WeChat",
				);
				OTHER_LDFLAGS = "-ObjC";
				PRODUCT_BUNDLE_IDENTIFIER = com.harpbj.UMUtil;
				PRODUCT_NAME = "$(TARGET_NAME)";
				TARGETED_DEVICE_FAMILY = "1,2";
			};
			name = Release;
		};
		6C4D038520D0F1870029AFAB /* Debug */ = {
			isa = XCBuildConfiguration;
			buildSettings = {
				BUNDLE_LOADER = "$(TEST_HOST)";
				CODE_SIGN_STYLE = Automatic;
				DEVELOPMENT_TEAM = G9TR9D33ZW;
				INFOPLIST_FILE = UMUtilTests/Info.plist;
				LD_RUNPATH_SEARCH_PATHS = "$(inherited) @executable_path/Frameworks @loader_path/Frameworks";
				PRODUCT_BUNDLE_IDENTIFIER = com.harpbj.UMUtilTests;
				PRODUCT_NAME = "$(TARGET_NAME)";
				TARGETED_DEVICE_FAMILY = "1,2";
				TEST_HOST = "$(BUILT_PRODUCTS_DIR)/UMUtil.app/UMUtil";
			};
			name = Debug;
		};
		6C4D038620D0F1870029AFAB /* Release */ = {
			isa = XCBuildConfiguration;
			buildSettings = {
				BUNDLE_LOADER = "$(TEST_HOST)";
				CODE_SIGN_STYLE = Automatic;
				DEVELOPMENT_TEAM = G9TR9D33ZW;
				INFOPLIST_FILE = UMUtilTests/Info.plist;
				LD_RUNPATH_SEARCH_PATHS = "$(inherited) @executable_path/Frameworks @loader_path/Frameworks";
				PRODUCT_BUNDLE_IDENTIFIER = com.harpbj.UMUtilTests;
				PRODUCT_NAME = "$(TARGET_NAME)";
				TARGETED_DEVICE_FAMILY = "1,2";
				TEST_HOST = "$(BUILT_PRODUCTS_DIR)/UMUtil.app/UMUtil";
			};
			name = Release;
		};
		6C4D038820D0F1870029AFAB /* Debug */ = {
			isa = XCBuildConfiguration;
			buildSettings = {
				CODE_SIGN_STYLE = Automatic;
				DEVELOPMENT_TEAM = G9TR9D33ZW;
				INFOPLIST_FILE = UMUtilUITests/Info.plist;
				LD_RUNPATH_SEARCH_PATHS = "$(inherited) @executable_path/Frameworks @loader_path/Frameworks";
				PRODUCT_BUNDLE_IDENTIFIER = com.harpbj.UMUtilUITests;
				PRODUCT_NAME = "$(TARGET_NAME)";
				TARGETED_DEVICE_FAMILY = "1,2";
				TEST_TARGET_NAME = UMUtil;
			};
			name = Debug;
		};
		6C4D038920D0F1870029AFAB /* Release */ = {
			isa = XCBuildConfiguration;
			buildSettings = {
				CODE_SIGN_STYLE = Automatic;
				DEVELOPMENT_TEAM = G9TR9D33ZW;
				INFOPLIST_FILE = UMUtilUITests/Info.plist;
				LD_RUNPATH_SEARCH_PATHS = "$(inherited) @executable_path/Frameworks @loader_path/Frameworks";
				PRODUCT_BUNDLE_IDENTIFIER = com.harpbj.UMUtilUITests;
				PRODUCT_NAME = "$(TARGET_NAME)";
				TARGETED_DEVICE_FAMILY = "1,2";
				TEST_TARGET_NAME = UMUtil;
			};
			name = Release;
		};
/* End XCBuildConfiguration section */

/* Begin XCConfigurationList section */
		6C4D035020D0F1860029AFAB /* Build configuration list for PBXProject "UMUtil" */ = {
			isa = XCConfigurationList;
			buildConfigurations = (
				6C4D037F20D0F1870029AFAB /* Debug */,
				6C4D038020D0F1870029AFAB /* Release */,
			);
			defaultConfigurationIsVisible = 0;
			defaultConfigurationName = Release;
		};
		6C4D038120D0F1870029AFAB /* Build configuration list for PBXNativeTarget "UMUtil" */ = {
			isa = XCConfigurationList;
			buildConfigurations = (
				6C4D038220D0F1870029AFAB /* Debug */,
				6C4D038320D0F1870029AFAB /* Release */,
			);
			defaultConfigurationIsVisible = 0;
			defaultConfigurationName = Release;
		};
		6C4D038420D0F1870029AFAB /* Build configuration list for PBXNativeTarget "UMUtilTests" */ = {
			isa = XCConfigurationList;
			buildConfigurations = (
				6C4D038520D0F1870029AFAB /* Debug */,
				6C4D038620D0F1870029AFAB /* Release */,
			);
			defaultConfigurationIsVisible = 0;
			defaultConfigurationName = Release;
		};
		6C4D038720D0F1870029AFAB /* Build configuration list for PBXNativeTarget "UMUtilUITests" */ = {
			isa = XCConfigurationList;
			buildConfigurations = (
				6C4D038820D0F1870029AFAB /* Debug */,
				6C4D038920D0F1870029AFAB /* Release */,
			);
			defaultConfigurationIsVisible = 0;
			defaultConfigurationName = Release;
		};
/* End XCConfigurationList section */
	};
	rootObject = 6C4D034D20D0F1860029AFAB /* Project object */;
}
