// !$*UTF8*$!
{
	archiveVersion = 1;
	classes = {
	};
	objectVersion = 48;
	objects = {

/* Begin PBXBuildFile section */
		6C4D04C620D2275D0029AFAB /* AppDelegate.m in Sources */ = {isa = PBXBuildFile; fileRef = 6C4D04C520D2275D0029AFAB /* AppDelegate.m */; };
		6C4D04C920D2275D0029AFAB /* ViewController.m in Sources */ = {isa = PBXBuildFile; fileRef = 6C4D04C820D2275D0029AFAB /* ViewController.m */; };
		6C4D04CC20D2275D0029AFAB /* Main.storyboard in Resources */ = {isa = PBXBuildFile; fileRef = 6C4D04CA20D2275D0029AFAB /* Main.storyboard */; };
		6C4D04CE20D2275D0029AFAB /* Assets.xcassets in Resources */ = {isa = PBXBuildFile; fileRef = 6C4D04CD20D2275D0029AFAB /* Assets.xcassets */; };
		6C4D04D120D2275D0029AFAB /* LaunchScreen.storyboard in Resources */ = {isa = PBXBuildFile; fileRef = 6C4D04CF20D2275D0029AFAB /* LaunchScreen.storyboard */; };
		6C4D04D420D2275D0029AFAB /* main.m in Sources */ = {isa = PBXBuildFile; fileRef = 6C4D04D320D2275D0029AFAB /* main.m */; };
		6C4D04DE20D2275D0029AFAB /* TSUMUtilDemoTests.m in Sources */ = {isa = PBXBuildFile; fileRef = 6C4D04DD20D2275D0029AFAB /* TSUMUtilDemoTests.m */; };
		6C4D04E920D2275D0029AFAB /* TSUMUtilDemoUITests.m in Sources */ = {isa = PBXBuildFile; fileRef = 6C4D04E820D2275D0029AFAB /* TSUMUtilDemoUITests.m */; };
		6C4D04F720D2276E0029AFAB /* Podfile in Resources */ = {isa = PBXBuildFile; fileRef = 6C4D04F620D2276E0029AFAB /* Podfile */; };
		D24188798EB9C2049E385141 /* libPods-TSUMUtilDemo.a in Frameworks */ = {isa = PBXBuildFile; fileRef = DC55D88674EE3FD44C87FD40 /* libPods-TSUMUtilDemo.a */; };
/* End PBXBuildFile section */

/* Begin PBXContainerItemProxy section */
		6C4D04DA20D2275D0029AFAB /* PBXContainerItemProxy */ = {
			isa = PBXContainerItemProxy;
			containerPortal = 6C4D04B920D2275D0029AFAB /* Project object */;
			proxyType = 1;
			remoteGlobalIDString = 6C4D04C020D2275D0029AFAB;
			remoteInfo = TSUMUtilDemo;
		};
		6C4D04E520D2275D0029AFAB /* PBXContainerItemProxy */ = {
			isa = PBXContainerItemProxy;
			containerPortal = 6C4D04B920D2275D0029AFAB /* Project object */;
			proxyType = 1;
			remoteGlobalIDString = 6C4D04C020D2275D0029AFAB;
			remoteInfo = TSUMUtilDemo;
		};
/* End PBXContainerItemProxy section */

/* Begin PBXFileReference section */
		6C4D04C120D2275D0029AFAB /* TSUMUtilDemo.app */ = {isa = PBXFileReference; explicitFileType = wrapper.application; includeInIndex = 0; path = TSUMUtilDemo.app; sourceTree = BUILT_PRODUCTS_DIR; };
		6C4D04C420D2275D0029AFAB /* AppDelegate.h */ = {isa = PBXFileReference; lastKnownFileType = sourcecode.c.h; path = AppDelegate.h; sourceTree = "<group>"; };
		6C4D04C520D2275D0029AFAB /* AppDelegate.m */ = {isa = PBXFileReference; lastKnownFileType = sourcecode.c.objc; path = AppDelegate.m; sourceTree = "<group>"; };
		6C4D04C720D2275D0029AFAB /* ViewController.h */ = {isa = PBXFileReference; lastKnownFileType = sourcecode.c.h; path = ViewController.h; sourceTree = "<group>"; };
		6C4D04C820D2275D0029AFAB /* ViewController.m */ = {isa = PBXFileReference; lastKnownFileType = sourcecode.c.objc; path = ViewController.m; sourceTree = "<group>"; };
		6C4D04CB20D2275D0029AFAB /* Base */ = {isa = PBXFileReference; lastKnownFileType = file.storyboard; name = Base; path = Base.lproj/Main.storyboard; sourceTree = "<group>"; };
		6C4D04CD20D2275D0029AFAB /* Assets.xcassets */ = {isa = PBXFileReference; lastKnownFileType = folder.assetcatalog; path = Assets.xcassets; sourceTree = "<group>"; };
		6C4D04D020D2275D0029AFAB /* Base */ = {isa = PBXFileReference; lastKnownFileType = file.storyboard; name = Base; path = Base.lproj/LaunchScreen.storyboard; sourceTree = "<group>"; };
		6C4D04D220D2275D0029AFAB /* Info.plist */ = {isa = PBXFileReference; lastKnownFileType = text.plist.xml; path = Info.plist; sourceTree = "<group>"; };
		6C4D04D320D2275D0029AFAB /* main.m */ = {isa = PBXFileReference; lastKnownFileType = sourcecode.c.objc; path = main.m; sourceTree = "<group>"; };
		6C4D04D920D2275D0029AFAB /* TSUMUtilDemoTests.xctest */ = {isa = PBXFileReference; explicitFileType = wrapper.cfbundle; includeInIndex = 0; path = TSUMUtilDemoTests.xctest; sourceTree = BUILT_PRODUCTS_DIR; };
		6C4D04DD20D2275D0029AFAB /* TSUMUtilDemoTests.m */ = {isa = PBXFileReference; lastKnownFileType = sourcecode.c.objc; path = TSUMUtilDemoTests.m; sourceTree = "<group>"; };
		6C4D04DF20D2275D0029AFAB /* Info.plist */ = {isa = PBXFileReference; lastKnownFileType = text.plist.xml; path = Info.plist; sourceTree = "<group>"; };
		6C4D04E420D2275D0029AFAB /* TSUMUtilDemoUITests.xctest */ = {isa = PBXFileReference; explicitFileType = wrapper.cfbundle; includeInIndex = 0; path = TSUMUtilDemoUITests.xctest; sourceTree = BUILT_PRODUCTS_DIR; };
		6C4D04E820D2275D0029AFAB /* TSUMUtilDemoUITests.m */ = {isa = PBXFileReference; lastKnownFileType = sourcecode.c.objc; path = TSUMUtilDemoUITests.m; sourceTree = "<group>"; };
		6C4D04EA20D2275D0029AFAB /* Info.plist */ = {isa = PBXFileReference; lastKnownFileType = text.plist.xml; path = Info.plist; sourceTree = "<group>"; };
		6C4D04F620D2276E0029AFAB /* Podfile */ = {isa = PBXFileReference; lastKnownFileType = text; path = Podfile; sourceTree = "<group>"; };
		B2C8BBC291E28BC3D3B21A5D /* Pods-TSUMUtilDemo.release.xcconfig */ = {isa = PBXFileReference; includeInIndex = 1; lastKnownFileType = text.xcconfig; name = "Pods-TSUMUtilDemo.release.xcconfig"; path = "Pods/Target Support Files/Pods-TSUMUtilDemo/Pods-TSUMUtilDemo.release.xcconfig"; sourceTree = "<group>"; };
		B837602AA4EE0A1A8EA8AE6C /* Pods-TSUMUtilDemo.debug.xcconfig */ = {isa = PBXFileReference; includeInIndex = 1; lastKnownFileType = text.xcconfig; name = "Pods-TSUMUtilDemo.debug.xcconfig"; path = "Pods/Target Support Files/Pods-TSUMUtilDemo/Pods-TSUMUtilDemo.debug.xcconfig"; sourceTree = "<group>"; };
		DC55D88674EE3FD44C87FD40 /* libPods-TSUMUtilDemo.a */ = {isa = PBXFileReference; explicitFileType = archive.ar; includeInIndex = 0; path = "libPods-TSUMUtilDemo.a"; sourceTree = BUILT_PRODUCTS_DIR; };
/* End PBXFileReference section */

/* Begin PBXFrameworksBuildPhase section */
		6C4D04BE20D2275D0029AFAB /* Frameworks */ = {
			isa = PBXFrameworksBuildPhase;
			buildActionMask = 2147483647;
			files = (
				D24188798EB9C2049E385141 /* libPods-TSUMUtilDemo.a in Frameworks */,
			);
			runOnlyForDeploymentPostprocessing = 0;
		};
		6C4D04D620D2275D0029AFAB /* Frameworks */ = {
			isa = PBXFrameworksBuildPhase;
			buildActionMask = 2147483647;
			files = (
			);
			runOnlyForDeploymentPostprocessing = 0;
		};
		6C4D04E120D2275D0029AFAB /* Frameworks */ = {
			isa = PBXFrameworksBuildPhase;
			buildActionMask = 2147483647;
			files = (
			);
			runOnlyForDeploymentPostprocessing = 0;
		};
/* End PBXFrameworksBuildPhase section */

/* Begin PBXGroup section */
		32374FD188A73F661638B519 /* Frameworks */ = {
			isa = PBXGroup;
			children = (
				DC55D88674EE3FD44C87FD40 /* libPods-TSUMUtilDemo.a */,
			);
			name = Frameworks;
			sourceTree = "<group>";
		};
		6C4D04B820D2275D0029AFAB = {
			isa = PBXGroup;
			children = (
				6C4D04F620D2276E0029AFAB /* Podfile */,
				6C4D04C320D2275D0029AFAB /* TSUMUtilDemo */,
				6C4D04DC20D2275D0029AFAB /* TSUMUtilDemoTests */,
				6C4D04E720D2275D0029AFAB /* TSUMUtilDemoUITests */,
				6C4D04C220D2275D0029AFAB /* Products */,
				C6D26654F96D400E1850C62D /* Pods */,
				32374FD188A73F661638B519 /* Frameworks */,
			);
			sourceTree = "<group>";
		};
		6C4D04C220D2275D0029AFAB /* Products */ = {
			isa = PBXGroup;
			children = (
				6C4D04C120D2275D0029AFAB /* TSUMUtilDemo.app */,
				6C4D04D920D2275D0029AFAB /* TSUMUtilDemoTests.xctest */,
				6C4D04E420D2275D0029AFAB /* TSUMUtilDemoUITests.xctest */,
			);
			name = Products;
			sourceTree = "<group>";
		};
		6C4D04C320D2275D0029AFAB /* TSUMUtilDemo */ = {
			isa = PBXGroup;
			children = (
				6C4D04C420D2275D0029AFAB /* AppDelegate.h */,
				6C4D04C520D2275D0029AFAB /* AppDelegate.m */,
				6C4D04C720D2275D0029AFAB /* ViewController.h */,
				6C4D04C820D2275D0029AFAB /* ViewController.m */,
				6C4D04CA20D2275D0029AFAB /* Main.storyboard */,
				6C4D04CD20D2275D0029AFAB /* Assets.xcassets */,
				6C4D04CF20D2275D0029AFAB /* LaunchScreen.storyboard */,
				6C4D04D220D2275D0029AFAB /* Info.plist */,
				6C4D04D320D2275D0029AFAB /* main.m */,
			);
			path = TSUMUtilDemo;
			sourceTree = "<group>";
		};
		6C4D04DC20D2275D0029AFAB /* TSUMUtilDemoTests */ = {
			isa = PBXGroup;
			children = (
				6C4D04DD20D2275D0029AFAB /* TSUMUtilDemoTests.m */,
				6C4D04DF20D2275D0029AFAB /* Info.plist */,
			);
			path = TSUMUtilDemoTests;
			sourceTree = "<group>";
		};
		6C4D04E720D2275D0029AFAB /* TSUMUtilDemoUITests */ = {
			isa = PBXGroup;
			children = (
				6C4D04E820D2275D0029AFAB /* TSUMUtilDemoUITests.m */,
				6C4D04EA20D2275D0029AFAB /* Info.plist */,
			);
			path = TSUMUtilDemoUITests;
			sourceTree = "<group>";
		};
		C6D26654F96D400E1850C62D /* Pods */ = {
			isa = PBXGroup;
			children = (
				B837602AA4EE0A1A8EA8AE6C /* Pods-TSUMUtilDemo.debug.xcconfig */,
				B2C8BBC291E28BC3D3B21A5D /* Pods-TSUMUtilDemo.release.xcconfig */,
			);
			name = Pods;
			sourceTree = "<group>";
		};
/* End PBXGroup section */

/* Begin PBXNativeTarget section */
		6C4D04C020D2275D0029AFAB /* TSUMUtilDemo */ = {
			isa = PBXNativeTarget;
			buildConfigurationList = 6C4D04ED20D2275D0029AFAB /* Build configuration list for PBXNativeTarget "TSUMUtilDemo" */;
			buildPhases = (
				30C519F0D0D874D23344FE40 /* [CP] Check Pods Manifest.lock */,
				6C4D04BD20D2275D0029AFAB /* Sources */,
				6C4D04BE20D2275D0029AFAB /* Frameworks */,
				6C4D04BF20D2275D0029AFAB /* Resources */,
				E8E447989346D8720B1BC5B1 /* [CP] Embed Pods Frameworks */,
				459B3B6D804EC3A259EB0F49 /* [CP] Copy Pods Resources */,
			);
			buildRules = (
			);
			dependencies = (
			);
			name = TSUMUtilDemo;
			productName = TSUMUtilDemo;
			productReference = 6C4D04C120D2275D0029AFAB /* TSUMUtilDemo.app */;
			productType = "com.apple.product-type.application";
		};
		6C4D04D820D2275D0029AFAB /* TSUMUtilDemoTests */ = {
			isa = PBXNativeTarget;
			buildConfigurationList = 6C4D04F020D2275D0029AFAB /* Build configuration list for PBXNativeTarget "TSUMUtilDemoTests" */;
			buildPhases = (
				6C4D04D520D2275D0029AFAB /* Sources */,
				6C4D04D620D2275D0029AFAB /* Frameworks */,
				6C4D04D720D2275D0029AFAB /* Resources */,
			);
			buildRules = (
			);
			dependencies = (
				6C4D04DB20D2275D0029AFAB /* PBXTargetDependency */,
			);
			name = TSUMUtilDemoTests;
			productName = TSUMUtilDemoTests;
			productReference = 6C4D04D920D2275D0029AFAB /* TSUMUtilDemoTests.xctest */;
			productType = "com.apple.product-type.bundle.unit-test";
		};
		6C4D04E320D2275D0029AFAB /* TSUMUtilDemoUITests */ = {
			isa = PBXNativeTarget;
			buildConfigurationList = 6C4D04F320D2275D0029AFAB /* Build configuration list for PBXNativeTarget "TSUMUtilDemoUITests" */;
			buildPhases = (
				6C4D04E020D2275D0029AFAB /* Sources */,
				6C4D04E120D2275D0029AFAB /* Frameworks */,
				6C4D04E220D2275D0029AFAB /* Resources */,
			);
			buildRules = (
			);
			dependencies = (
				6C4D04E620D2275D0029AFAB /* PBXTargetDependency */,
			);
			name = TSUMUtilDemoUITests;
			productName = TSUMUtilDemoUITests;
			productReference = 6C4D04E420D2275D0029AFAB /* TSUMUtilDemoUITests.xctest */;
			productType = "com.apple.product-type.bundle.ui-testing";
		};
/* End PBXNativeTarget section */

/* Begin PBXProject section */
		6C4D04B920D2275D0029AFAB /* Project object */ = {
			isa = PBXProject;
			attributes = {
				LastUpgradeCheck = 0920;
				ORGANIZATIONNAME = "three stone 王";
				TargetAttributes = {
					6C4D04C020D2275D0029AFAB = {
						CreatedOnToolsVersion = 9.2;
						ProvisioningStyle = Automatic;
					};
					6C4D04D820D2275D0029AFAB = {
						CreatedOnToolsVersion = 9.2;
						ProvisioningStyle = Automatic;
						TestTargetID = 6C4D04C020D2275D0029AFAB;
					};
					6C4D04E320D2275D0029AFAB = {
						CreatedOnToolsVersion = 9.2;
						ProvisioningStyle = Automatic;
						TestTargetID = 6C4D04C020D2275D0029AFAB;
					};
				};
			};
			buildConfigurationList = 6C4D04BC20D2275D0029AFAB /* Build configuration list for PBXProject "TSUMUtilDemo" */;
			compatibilityVersion = "Xcode 8.0";
			developmentRegion = en;
			hasScannedForEncodings = 0;
			knownRegions = (
				en,
				Base,
			);
			mainGroup = 6C4D04B820D2275D0029AFAB;
			productRefGroup = 6C4D04C220D2275D0029AFAB /* Products */;
			projectDirPath = "";
			projectRoot = "";
			targets = (
				6C4D04C020D2275D0029AFAB /* TSUMUtilDemo */,
				6C4D04D820D2275D0029AFAB /* TSUMUtilDemoTests */,
				6C4D04E320D2275D0029AFAB /* TSUMUtilDemoUITests */,
			);
		};
/* End PBXProject section */

/* Begin PBXResourcesBuildPhase section */
		6C4D04BF20D2275D0029AFAB /* Resources */ = {
			isa = PBXResourcesBuildPhase;
			buildActionMask = 2147483647;
			files = (
				6C4D04D120D2275D0029AFAB /* LaunchScreen.storyboard in Resources */,
				6C4D04CE20D2275D0029AFAB /* Assets.xcassets in Resources */,
				6C4D04F720D2276E0029AFAB /* Podfile in Resources */,
				6C4D04CC20D2275D0029AFAB /* Main.storyboard in Resources */,
			);
			runOnlyForDeploymentPostprocessing = 0;
		};
		6C4D04D720D2275D0029AFAB /* Resources */ = {
			isa = PBXResourcesBuildPhase;
			buildActionMask = 2147483647;
			files = (
			);
			runOnlyForDeploymentPostprocessing = 0;
		};
		6C4D04E220D2275D0029AFAB /* Resources */ = {
			isa = PBXResourcesBuildPhase;
			buildActionMask = 2147483647;
			files = (
			);
			runOnlyForDeploymentPostprocessing = 0;
		};
/* End PBXResourcesBuildPhase section */

/* Begin PBXShellScriptBuildPhase section */
		30C519F0D0D874D23344FE40 /* [CP] Check Pods Manifest.lock */ = {
			isa = PBXShellScriptBuildPhase;
			buildActionMask = 2147483647;
			files = (
			);
			inputPaths = (
				"${PODS_PODFILE_DIR_PATH}/Podfile.lock",
				"${PODS_ROOT}/Manifest.lock",
			);
			name = "[CP] Check Pods Manifest.lock";
			outputPaths = (
				"$(DERIVED_FILE_DIR)/Pods-TSUMUtilDemo-checkManifestLockResult.txt",
			);
			runOnlyForDeploymentPostprocessing = 0;
			shellPath = /bin/sh;
			shellScript = "diff \"${PODS_PODFILE_DIR_PATH}/Podfile.lock\" \"${PODS_ROOT}/Manifest.lock\" > /dev/null\nif [ $? != 0 ] ; then\n    # print error to STDERR\n    echo \"error: The sandbox is not in sync with the Podfile.lock. Run 'pod install' or update your CocoaPods installation.\" >&2\n    exit 1\nfi\n# This output is used by Xcode 'outputs' to avoid re-running this script phase.\necho \"SUCCESS\" > \"${SCRIPT_OUTPUT_FILE_0}\"\n";
			showEnvVarsInLog = 0;
		};
		459B3B6D804EC3A259EB0F49 /* [CP] Copy Pods Resources */ = {
			isa = PBXShellScriptBuildPhase;
			buildActionMask = 2147483647;
			files = (
			);
			inputPaths = (
				"${SRCROOT}/Pods/Target Support Files/Pods-TSUMUtilDemo/Pods-TSUMUtilDemo-resources.sh",
				"${PODS_ROOT}/UMCShare/UMShare/UMSocialUI/UMSocialSDKResources.bundle",
			);
			name = "[CP] Copy Pods Resources";
			outputPaths = (
				"${TARGET_BUILD_DIR}/${UNLOCALIZED_RESOURCES_FOLDER_PATH}",
			);
			runOnlyForDeploymentPostprocessing = 0;
			shellPath = /bin/sh;
			shellScript = "\"${SRCROOT}/Pods/Target Support Files/Pods-TSUMUtilDemo/Pods-TSUMUtilDemo-resources.sh\"\n";
			showEnvVarsInLog = 0;
		};
		E8E447989346D8720B1BC5B1 /* [CP] Embed Pods Frameworks */ = {
			isa = PBXShellScriptBuildPhase;
			buildActionMask = 2147483647;
			files = (
			);
			inputPaths = (
			);
			name = "[CP] Embed Pods Frameworks";
			outputPaths = (
			);
			runOnlyForDeploymentPostprocessing = 0;
			shellPath = /bin/sh;
			shellScript = "\"${SRCROOT}/Pods/Target Support Files/Pods-TSUMUtilDemo/Pods-TSUMUtilDemo-frameworks.sh\"\n";
			showEnvVarsInLog = 0;
		};
/* End PBXShellScriptBuildPhase section */

/* Begin PBXSourcesBuildPhase section */
		6C4D04BD20D2275D0029AFAB /* Sources */ = {
			isa = PBXSourcesBuildPhase;
			buildActionMask = 2147483647;
			files = (
				6C4D04C920D2275D0029AFAB /* ViewController.m in Sources */,
				6C4D04D420D2275D0029AFAB /* main.m in Sources */,
				6C4D04C620D2275D0029AFAB /* AppDelegate.m in Sources */,
			);
			runOnlyForDeploymentPostprocessing = 0;
		};
		6C4D04D520D2275D0029AFAB /* Sources */ = {
			isa = PBXSourcesBuildPhase;
			buildActionMask = 2147483647;
			files = (
				6C4D04DE20D2275D0029AFAB /* TSUMUtilDemoTests.m in Sources */,
			);
			runOnlyForDeploymentPostprocessing = 0;
		};
		6C4D04E020D2275D0029AFAB /* Sources */ = {
			isa = PBXSourcesBuildPhase;
			buildActionMask = 2147483647;
			files = (
				6C4D04E920D2275D0029AFAB /* TSUMUtilDemoUITests.m in Sources */,
			);
			runOnlyForDeploymentPostprocessing = 0;
		};
/* End PBXSourcesBuildPhase section */

/* Begin PBXTargetDependency section */
		6C4D04DB20D2275D0029AFAB /* PBXTargetDependency */ = {
			isa = PBXTargetDependency;
			target = 6C4D04C020D2275D0029AFAB /* TSUMUtilDemo */;
			targetProxy = 6C4D04DA20D2275D0029AFAB /* PBXContainerItemProxy */;
		};
		6C4D04E620D2275D0029AFAB /* PBXTargetDependency */ = {
			isa = PBXTargetDependency;
			target = 6C4D04C020D2275D0029AFAB /* TSUMUtilDemo */;
			targetProxy = 6C4D04E520D2275D0029AFAB /* PBXContainerItemProxy */;
		};
/* End PBXTargetDependency section */

/* Begin PBXVariantGroup section */
		6C4D04CA20D2275D0029AFAB /* Main.storyboard */ = {
			isa = PBXVariantGroup;
			children = (
				6C4D04CB20D2275D0029AFAB /* Base */,
			);
			name = Main.storyboard;
			sourceTree = "<group>";
		};
		6C4D04CF20D2275D0029AFAB /* LaunchScreen.storyboard */ = {
			isa = PBXVariantGroup;
			children = (
				6C4D04D020D2275D0029AFAB /* Base */,
			);
			name = LaunchScreen.storyboard;
			sourceTree = "<group>";
		};
/* End PBXVariantGroup section */

/* Begin XCBuildConfiguration section */
		6C4D04EB20D2275D0029AFAB /* Debug */ = {
			isa = XCBuildConfiguration;
			buildSettings = {
				ALWAYS_SEARCH_USER_PATHS = NO;
				CLANG_ANALYZER_NONNULL = YES;
				CLANG_ANALYZER_NUMBER_OBJECT_CONVERSION = YES_AGGRESSIVE;
				CLANG_CXX_LANGUAGE_STANDARD = "gnu++14";
				CLANG_CXX_LIBRARY = "libc++";
				CLANG_ENABLE_MODULES = YES;
				CLANG_ENABLE_OBJC_ARC = YES;
				CLANG_WARN_BLOCK_CAPTURE_AUTORELEASING = YES;
				CLANG_WARN_BOOL_CONVERSION = YES;
				CLANG_WARN_COMMA = YES;
				CLANG_WARN_CONSTANT_CONVERSION = YES;
				CLANG_WARN_DIRECT_OBJC_ISA_USAGE = YES_ERROR;
				CLANG_WARN_DOCUMENTATION_COMMENTS = YES;
				CLANG_WARN_EMPTY_BODY = YES;
				CLANG_WARN_ENUM_CONVERSION = YES;
				CLANG_WARN_INFINITE_RECURSION = YES;
				CLANG_WARN_INT_CONVERSION = YES;
				CLANG_WARN_NON_LITERAL_NULL_CONVERSION = YES;
				CLANG_WARN_OBJC_LITERAL_CONVERSION = YES;
				CLANG_WARN_OBJC_ROOT_CLASS = YES_ERROR;
				CLANG_WARN_RANGE_LOOP_ANALYSIS = YES;
				CLANG_WARN_STRICT_PROTOTYPES = YES;
				CLANG_WARN_SUSPICIOUS_MOVE = YES;
				CLANG_WARN_UNGUARDED_AVAILABILITY = YES_AGGRESSIVE;
				CLANG_WARN_UNREACHABLE_CODE = YES;
				CLANG_WARN__DUPLICATE_METHOD_MATCH = YES;
				CODE_SIGN_IDENTITY = "iPhone Developer";
				COPY_PHASE_STRIP = NO;
				DEBUG_INFORMATION_FORMAT = dwarf;
				ENABLE_STRICT_OBJC_MSGSEND = YES;
				ENABLE_TESTABILITY = YES;
				GCC_C_LANGUAGE_STANDARD = gnu11;
				GCC_DYNAMIC_NO_PIC = NO;
				GCC_NO_COMMON_BLOCKS = YES;
				GCC_OPTIMIZATION_LEVEL = 0;
				GCC_PREPROCESSOR_DEFINITIONS = (
					"DEBUG=1",
					"$(inherited)",
				);
				GCC_WARN_64_TO_32_BIT_CONVERSION = YES;
				GCC_WARN_ABOUT_RETURN_TYPE = YES_ERROR;
				GCC_WARN_UNDECLARED_SELECTOR = YES;
				GCC_WARN_UNINITIALIZED_AUTOS = YES_AGGRESSIVE;
				GCC_WARN_UNUSED_FUNCTION = YES;
				GCC_WARN_UNUSED_VARIABLE = YES;
				IPHONEOS_DEPLOYMENT_TARGET = 11.2;
				MTL_ENABLE_DEBUG_INFO = YES;
				ONLY_ACTIVE_ARCH = YES;
				SDKROOT = iphoneos;
			};
			name = Debug;
		};
		6C4D04EC20D2275D0029AFAB /* Release */ = {
			isa = XCBuildConfiguration;
			buildSettings = {
				ALWAYS_SEARCH_USER_PATHS = NO;
				CLANG_ANALYZER_NONNULL = YES;
				CLANG_ANALYZER_NUMBER_OBJECT_CONVERSION = YES_AGGRESSIVE;
				CLANG_CXX_LANGUAGE_STANDARD = "gnu++14";
				CLANG_CXX_LIBRARY = "libc++";
				CLANG_ENABLE_MODULES = YES;
				CLANG_ENABLE_OBJC_ARC = YES;
				CLANG_WARN_BLOCK_CAPTURE_AUTORELEASING = YES;
				CLANG_WARN_BOOL_CONVERSION = YES;
				CLANG_WARN_COMMA = YES;
				CLANG_WARN_CONSTANT_CONVERSION = YES;
				CLANG_WARN_DIRECT_OBJC_ISA_USAGE = YES_ERROR;
				CLANG_WARN_DOCUMENTATION_COMMENTS = YES;
				CLANG_WARN_EMPTY_BODY = YES;
				CLANG_WARN_ENUM_CONVERSION = YES;
				CLANG_WARN_INFINITE_RECURSION = YES;
				CLANG_WARN_INT_CONVERSION = YES;
				CLANG_WARN_NON_LITERAL_NULL_CONVERSION = YES;
				CLANG_WARN_OBJC_LITERAL_CONVERSION = YES;
				CLANG_WARN_OBJC_ROOT_CLASS = YES_ERROR;
				CLANG_WARN_RANGE_LOOP_ANALYSIS = YES;
				CLANG_WARN_STRICT_PROTOTYPES = YES;
				CLANG_WARN_SUSPICIOUS_MOVE = YES;
				CLANG_WARN_UNGUARDED_AVAILABILITY = YES_AGGRESSIVE;
				CLANG_WARN_UNREACHABLE_CODE = YES;
				CLANG_WARN__DUPLICATE_METHOD_MATCH = YES;
				CODE_SIGN_IDENTITY = "iPhone Developer";
				COPY_PHASE_STRIP = NO;
				DEBUG_INFORMATION_FORMAT = "dwarf-with-dsym";
				ENABLE_NS_ASSERTIONS = NO;
				ENABLE_STRICT_OBJC_MSGSEND = YES;
				GCC_C_LANGUAGE_STANDARD = gnu11;
				GCC_NO_COMMON_BLOCKS = YES;
				GCC_WARN_64_TO_32_BIT_CONVERSION = YES;
				GCC_WARN_ABOUT_RETURN_TYPE = YES_ERROR;
				GCC_WARN_UNDECLARED_SELECTOR = YES;
				GCC_WARN_UNINITIALIZED_AUTOS = YES_AGGRESSIVE;
				GCC_WARN_UNUSED_FUNCTION = YES;
				GCC_WARN_UNUSED_VARIABLE = YES;
				IPHONEOS_DEPLOYMENT_TARGET = 11.2;
				MTL_ENABLE_DEBUG_INFO = NO;
				SDKROOT = iphoneos;
				VALIDATE_PRODUCT = YES;
			};
			name = Release;
		};
		6C4D04EE20D2275D0029AFAB /* Debug */ = {
			isa = XCBuildConfiguration;
			baseConfigurationReference = B837602AA4EE0A1A8EA8AE6C /* Pods-TSUMUtilDemo.debug.xcconfig */;
			buildSettings = {
				ASSETCATALOG_COMPILER_APPICON_NAME = AppIcon;
				CODE_SIGN_STYLE = Automatic;
				DEVELOPMENT_TEAM = G9TR9D33ZW;
				INFOPLIST_FILE = TSUMUtilDemo/Info.plist;
				LD_RUNPATH_SEARCH_PATHS = "$(inherited) @executable_path/Frameworks";
				PRODUCT_BUNDLE_IDENTIFIER = com.harpbj.TSUMUtilDemo;
				PRODUCT_NAME = "$(TARGET_NAME)";
				TARGETED_DEVICE_FAMILY = "1,2";
			};
			name = Debug;
		};
		6C4D04EF20D2275D0029AFAB /* Release */ = {
			isa = XCBuildConfiguration;
			baseConfigurationReference = B2C8BBC291E28BC3D3B21A5D /* Pods-TSUMUtilDemo.release.xcconfig */;
			buildSettings = {
				ASSETCATALOG_COMPILER_APPICON_NAME = AppIcon;
				CODE_SIGN_STYLE = Automatic;
				DEVELOPMENT_TEAM = G9TR9D33ZW;
				INFOPLIST_FILE = TSUMUtilDemo/Info.plist;
				LD_RUNPATH_SEARCH_PATHS = "$(inherited) @executable_path/Frameworks";
				PRODUCT_BUNDLE_IDENTIFIER = com.harpbj.TSUMUtilDemo;
				PRODUCT_NAME = "$(TARGET_NAME)";
				TARGETED_DEVICE_FAMILY = "1,2";
			};
			name = Release;
		};
		6C4D04F120D2275D0029AFAB /* Debug */ = {
			isa = XCBuildConfiguration;
			buildSettings = {
				BUNDLE_LOADER = "$(TEST_HOST)";
				CODE_SIGN_STYLE = Automatic;
				DEVELOPMENT_TEAM = G9TR9D33ZW;
				INFOPLIST_FILE = TSUMUtilDemoTests/Info.plist;
				LD_RUNPATH_SEARCH_PATHS = "$(inherited) @executable_path/Frameworks @loader_path/Frameworks";
				PRODUCT_BUNDLE_IDENTIFIER = com.harpbj.TSUMUtilDemoTests;
				PRODUCT_NAME = "$(TARGET_NAME)";
				TARGETED_DEVICE_FAMILY = "1,2";
				TEST_HOST = "$(BUILT_PRODUCTS_DIR)/TSUMUtilDemo.app/TSUMUtilDemo";
			};
			name = Debug;
		};
		6C4D04F220D2275D0029AFAB /* Release */ = {
			isa = XCBuildConfiguration;
			buildSettings = {
				BUNDLE_LOADER = "$(TEST_HOST)";
				CODE_SIGN_STYLE = Automatic;
				DEVELOPMENT_TEAM = G9TR9D33ZW;
				INFOPLIST_FILE = TSUMUtilDemoTests/Info.plist;
				LD_RUNPATH_SEARCH_PATHS = "$(inherited) @executable_path/Frameworks @loader_path/Frameworks";
				PRODUCT_BUNDLE_IDENTIFIER = com.harpbj.TSUMUtilDemoTests;
				PRODUCT_NAME = "$(TARGET_NAME)";
				TARGETED_DEVICE_FAMILY = "1,2";
				TEST_HOST = "$(BUILT_PRODUCTS_DIR)/TSUMUtilDemo.app/TSUMUtilDemo";
			};
			name = Release;
		};
		6C4D04F420D2275D0029AFAB /* Debug */ = {
			isa = XCBuildConfiguration;
			buildSettings = {
				CODE_SIGN_STYLE = Automatic;
				DEVELOPMENT_TEAM = G9TR9D33ZW;
				INFOPLIST_FILE = TSUMUtilDemoUITests/Info.plist;
				LD_RUNPATH_SEARCH_PATHS = "$(inherited) @executable_path/Frameworks @loader_path/Frameworks";
				PRODUCT_BUNDLE_IDENTIFIER = com.harpbj.TSUMUtilDemoUITests;
				PRODUCT_NAME = "$(TARGET_NAME)";
				TARGETED_DEVICE_FAMILY = "1,2";
				TEST_TARGET_NAME = TSUMUtilDemo;
			};
			name = Debug;
		};
		6C4D04F520D2275D0029AFAB /* Release */ = {
			isa = XCBuildConfiguration;
			buildSettings = {
				CODE_SIGN_STYLE = Automatic;
				DEVELOPMENT_TEAM = G9TR9D33ZW;
				INFOPLIST_FILE = TSUMUtilDemoUITests/Info.plist;
				LD_RUNPATH_SEARCH_PATHS = "$(inherited) @executable_path/Frameworks @loader_path/Frameworks";
				PRODUCT_BUNDLE_IDENTIFIER = com.harpbj.TSUMUtilDemoUITests;
				PRODUCT_NAME = "$(TARGET_NAME)";
				TARGETED_DEVICE_FAMILY = "1,2";
				TEST_TARGET_NAME = TSUMUtilDemo;
			};
			name = Release;
		};
/* End XCBuildConfiguration section */

/* Begin XCConfigurationList section */
		6C4D04BC20D2275D0029AFAB /* Build configuration list for PBXProject "TSUMUtilDemo" */ = {
			isa = XCConfigurationList;
			buildConfigurations = (
				6C4D04EB20D2275D0029AFAB /* Debug */,
				6C4D04EC20D2275D0029AFAB /* Release */,
			);
			defaultConfigurationIsVisible = 0;
			defaultConfigurationName = Release;
		};
		6C4D04ED20D2275D0029AFAB /* Build configuration list for PBXNativeTarget "TSUMUtilDemo" */ = {
			isa = XCConfigurationList;
			buildConfigurations = (
				6C4D04EE20D2275D0029AFAB /* Debug */,
				6C4D04EF20D2275D0029AFAB /* Release */,
			);
			defaultConfigurationIsVisible = 0;
			defaultConfigurationName = Release;
		};
		6C4D04F020D2275D0029AFAB /* Build configuration list for PBXNativeTarget "TSUMUtilDemoTests" */ = {
			isa = XCConfigurationList;
			buildConfigurations = (
				6C4D04F120D2275D0029AFAB /* Debug */,
				6C4D04F220D2275D0029AFAB /* Release */,
			);
			defaultConfigurationIsVisible = 0;
			defaultConfigurationName = Release;
		};
		6C4D04F320D2275D0029AFAB /* Build configuration list for PBXNativeTarget "TSUMUtilDemoUITests" */ = {
			isa = XCConfigurationList;
			buildConfigurations = (
				6C4D04F420D2275D0029AFAB /* Debug */,
				6C4D04F520D2275D0029AFAB /* Release */,
			);
			defaultConfigurationIsVisible = 0;
			defaultConfigurationName = Release;
		};
/* End XCConfigurationList section */
	};
	rootObject = 6C4D04B920D2275D0029AFAB /* Project object */;
}
